{
  "nodes": {
    "nixpkgs": {
      "locked": {
        "lastModified": 1768028080,
        "narHash": "sha256-50aDK+8eLvsLK39TzQhKNq50/HcXyP4hyxOYoPoVxjo=",
        "owner": "NixOS",
        "repo": "nixpkgs",
        "rev": "d03088749a110d52a4739348f39a63f84bb0be14",
        "type": "github"
      },
      "original": {
        "owner": "NixOS",
        "ref": "nixos-25.11",
        "repo": "nixpkgs",
        "type": "github"
      }
    },
    "npiperelay": {
      "flake": false,
      "locked": {
        "lastModified": 1765203052,
        "narHash": "sha256-48sTrqhQgXG0OWLUXDk11jfm/QUmYoZ2vK9tuVoy7Rs=",
        "owner": "albertony",
        "repo": "npiperelay",
        "rev": "02567b76f930b6476f95bf66d9e0a6354c340868",
        "type": "github"
      },
      "original": {
        "owner": "albertony",
        "ref": "v1.9.2",
        "repo": "npiperelay",
        "type": "github"
      }
    },
    "root": {
      "inputs": {
        "nixpkgs": "nixpkgs",
        "npiperelay": "npiperelay"
      }
    }
  },
  "root": "root",
  "version": 7
}
